
Microsoft Visual Studio Solution File, Format Version 12.00
# Visual Studio Version 17
VisualStudioVersion = 17.3.32929.385
MinimumVisualStudioVersion = 10.0.40219.1
Project("{FAE04EC0-301F-11D3-BF4B-00C04F79EFBC}") = "SinemaBiletSatisOtomasyonu", "SinemaBiletSatışOtomasyonu\SinemaBiletSatisOtomasyonu.csproj", "{0C7D5ABE-2547-40AC-87FC-C8D33691E81F}"
EndProject
Global
	GlobalSection(SolutionConfigurationPlatforms) = preSolution
		Debug|Any CPU = Debug|Any CPU
		Release|Any CPU = Release|Any CPU
	EndGlobalSection
	GlobalSection(ProjectConfigurationPlatforms) = postSolution
		{0C7D5ABE-2547-40AC-87FC-C8D33691E81F}.Debug|Any CPU.ActiveCfg = Debug|Any CPU
		{0C7D5ABE-2547-40AC-87FC-C8D33691E81F}.Debug|Any CPU.Build.0 = Debug|Any CPU
		{0C7D5ABE-2547-40AC-87FC-C8D33691E81F}.Release|Any CPU.ActiveCfg = Release|Any CPU
		{0C7D5ABE-2547-40AC-87FC-C8D33691E81F}.Release|Any CPU.Build.0 = Release|Any CPU
	EndGlobalSection
	GlobalSection(SolutionProperties) = preSolution
		HideSolutionNode = FALSE
	EndGlobalSection
	GlobalSection(ExtensibilityGlobals) = postSolution
		SolutionGuid = {A1F7A049-CBF6-49CD-92AF-5EF7D9FFBD95}
	EndGlobalSection
EndGlobal
